
Microsoft Visual Studio Solution File, Format Version 12.00
# Visual Studio Version 17
VisualStudioVersion = 17.0.32112.339
MinimumVisualStudioVersion = 10.0.40219.1
Project("{9A19103F-16F7-4668-BE54-9A1E7A4F7556}") = "SimpleCalculator", "SimpleCalculator\SimpleCalculator.csproj", "{4F3AF88F-C592-46D3-8017-944E830BD61F}"
EndProject
Project("{9A19103F-16F7-4668-BE54-9A1E7A4F7556}") = "SimpleCalculator.Test.Unit", "SimpleCalculator.Test.Unit\SimpleCalculator.Test.Unit.csproj", "{9EDB56B1-BCC8-46B5-B61D-F39B4D5C5CE6}"
EndProject
Global
	GlobalSection(SolutionConfigurationPlatforms) = preSolution
		Debug|Any CPU = Debug|Any CPU
		Release|Any CPU = Release|Any CPU
	EndGlobalSection
	GlobalSection(ProjectConfigurationPlatforms) = postSolution
		{4F3AF88F-C592-46D3-8017-944E830BD61F}.Debug|Any CPU.ActiveCfg = Debug|Any CPU
		{4F3AF88F-C592-46D3-8017-944E830BD61F}.Debug|Any CPU.Build.0 = Debug|Any CPU
		{4F3AF88F-C592-46D3-8017-944E830BD61F}.Release|Any CPU.ActiveCfg = Release|Any CPU
		{4F3AF88F-C592-46D3-8017-944E830BD61F}.Release|Any CPU.Build.0 = Release|Any CPU
		{9EDB56B1-BCC8-46B5-B61D-F39B4D5C5CE6}.Debug|Any CPU.ActiveCfg = Debug|Any CPU
		{9EDB56B1-BCC8-46B5-B61D-F39B4D5C5CE6}.Debug|Any CPU.Build.0 = Debug|Any CPU
		{9EDB56B1-BCC8-46B5-B61D-F39B4D5C5CE6}.Release|Any CPU.ActiveCfg = Release|Any CPU
		{9EDB56B1-BCC8-46B5-B61D-F39B4D5C5CE6}.Release|Any CPU.Build.0 = Release|Any CPU
	EndGlobalSection
	GlobalSection(SolutionProperties) = preSolution
		HideSolutionNode = FALSE
	EndGlobalSection
	GlobalSection(ExtensibilityGlobals) = postSolution
		SolutionGuid = {C1F59C2F-B521-4FF1-A7EA-D0C41F2D2FF0}
	EndGlobalSection
EndGlobal
